// !$*UTF8*$!
{
	archiveVersion = 1;
	classes = {
	};
	objectVersion = 56;
	objects = {

/* Begin PBXBuildFile section */
		15C38BE42C7B3A1C002660EB /* AlignmentView.swift in Sources */ = {isa = PBXBuildFile; fileRef = 15C38BE32C7B3A1C002660EB /* AlignmentView.swift */; };
		15C38CC02CC686A7002660EB /* OverlayView.swift in Sources */ = {isa = PBXBuildFile; fileRef = 15C38CBF2CC686A7002660EB /* OverlayView.swift */; };
		15C38CC42CC68CC9002660EB /* Overlay2View.swift in Sources */ = {isa = PBXBuildFile; fileRef = 15C38CC32CC68CC9002660EB /* Overlay2View.swift */; };
		15C38CC72CC68D91002660EB /* View+.swift in Sources */ = {isa = PBXBuildFile; fileRef = 15C38CC62CC68D91002660EB /* View+.swift */; };
		15C38CCA2CD12034002660EB /* AnimationLabView.swift in Sources */ = {isa = PBXBuildFile; fileRef = 15C38CC92CD12034002660EB /* AnimationLabView.swift */; };
		15C38CCD2CECCB1C002660EB /* PageTabView.swift in Sources */ = {isa = PBXBuildFile; fileRef = 15C38CCC2CECCB1C002660EB /* PageTabView.swift */; };
		15C38CCF2CECCB63002660EB /* CustomTabView.swift in Sources */ = {isa = PBXBuildFile; fileRef = 15C38CCE2CECCB63002660EB /* CustomTabView.swift */; };
		15C38CD22CECCB9D002660EB /* Tab.swift in Sources */ = {isa = PBXBuildFile; fileRef = 15C38CD12CECCB9D002660EB /* Tab.swift */; };
		15C38CD42CECD842002660EB /* Color+.swift in Sources */ = {isa = PBXBuildFile; fileRef = 15C38CD32CECD842002660EB /* Color+.swift */; };
		15C38CD72CEE1D15002660EB /* CoordinateView.swift in Sources */ = {isa = PBXBuildFile; fileRef = 15C38CD62CEE1D15002660EB /* CoordinateView.swift */; };
		15C38CD92CEE2164002660EB /* Coordinate2View.swift in Sources */ = {isa = PBXBuildFile; fileRef = 15C38CD82CEE2164002660EB /* Coordinate2View.swift */; };
		15C38CDC2CEF5A71002660EB /* DeliveryCloneView.swift in Sources */ = {isa = PBXBuildFile; fileRef = 15C38CDB2CEF5A71002660EB /* DeliveryCloneView.swift */; };
		15C38CE02CEF5C28002660EB /* DeliveryStore.swift in Sources */ = {isa = PBXBuildFile; fileRef = 15C38CDF2CEF5C28002660EB /* DeliveryStore.swift */; };
		15C38CE22CEF5C98002660EB /* DeliveryCloneViewModel.swift in Sources */ = {isa = PBXBuildFile; fileRef = 15C38CE12CEF5C98002660EB /* DeliveryCloneViewModel.swift */; };
		15CAF2FF2C51362300A6E74E /* ArchiveSwiftUIApp.swift in Sources */ = {isa = PBXBuildFile; fileRef = 15CAF2FE2C51362300A6E74E /* ArchiveSwiftUIApp.swift */; };
		15CAF3012C51362300A6E74E /* ContentView.swift in Sources */ = {isa = PBXBuildFile; fileRef = 15CAF3002C51362300A6E74E /* ContentView.swift */; };
		15CAF3032C51362500A6E74E /* Assets.xcassets in Resources */ = {isa = PBXBuildFile; fileRef = 15CAF3022C51362500A6E74E /* Assets.xcassets */; };
		15CAF3062C51362500A6E74E /* Preview Assets.xcassets in Resources */ = {isa = PBXBuildFile; fileRef = 15CAF3052C51362500A6E74E /* Preview Assets.xcassets */; };
		15CAF3102C51362500A6E74E /* ArchiveSwiftUITests.swift in Sources */ = {isa = PBXBuildFile; fileRef = 15CAF30F2C51362500A6E74E /* ArchiveSwiftUITests.swift */; };
		15CAF31A2C51362500A6E74E /* ArchiveSwiftUIUITests.swift in Sources */ = {isa = PBXBuildFile; fileRef = 15CAF3192C51362500A6E74E /* ArchiveSwiftUIUITests.swift */; };
		15CAF31C2C51362500A6E74E /* ArchiveSwiftUIUITestsLaunchTests.swift in Sources */ = {isa = PBXBuildFile; fileRef = 15CAF31B2C51362500A6E74E /* ArchiveSwiftUIUITestsLaunchTests.swift */; };
/* End PBXBuildFile section */

/* Begin PBXContainerItemProxy section */
		15CAF30C2C51362500A6E74E /* PBXContainerItemProxy */ = {
			isa = PBXContainerItemProxy;
			containerPortal = 15CAF2F32C51362300A6E74E /* Project object */;
			proxyType = 1;
			remoteGlobalIDString = 15CAF2FA2C51362300A6E74E;
			remoteInfo = ArchiveSwiftUI;
		};
		15CAF3162C51362500A6E74E /* PBXContainerItemProxy */ = {
			isa = PBXContainerItemProxy;
			containerPortal = 15CAF2F32C51362300A6E74E /* Project object */;
			proxyType = 1;
			remoteGlobalIDString = 15CAF2FA2C51362300A6E74E;
			remoteInfo = ArchiveSwiftUI;
		};
/* End PBXContainerItemProxy section */

/* Begin PBXFileReference section */
		15C38BE32C7B3A1C002660EB /* AlignmentView.swift */ = {isa = PBXFileReference; lastKnownFileType = sourcecode.swift; path = AlignmentView.swift; sourceTree = "<group>"; };
		15C38CBF2CC686A7002660EB /* OverlayView.swift */ = {isa = PBXFileReference; lastKnownFileType = sourcecode.swift; path = OverlayView.swift; sourceTree = "<group>"; };
		15C38CC32CC68CC9002660EB /* Overlay2View.swift */ = {isa = PBXFileReference; lastKnownFileType = sourcecode.swift; path = Overlay2View.swift; sourceTree = "<group>"; };
		15C38CC62CC68D91002660EB /* View+.swift */ = {isa = PBXFileReference; lastKnownFileType = sourcecode.swift; path = "View+.swift"; sourceTree = "<group>"; };
		15C38CC92CD12034002660EB /* AnimationLabView.swift */ = {isa = PBXFileReference; lastKnownFileType = sourcecode.swift; path = AnimationLabView.swift; sourceTree = "<group>"; };
		15C38CCC2CECCB1C002660EB /* PageTabView.swift */ = {isa = PBXFileReference; lastKnownFileType = sourcecode.swift; path = PageTabView.swift; sourceTree = "<group>"; };
		15C38CCE2CECCB63002660EB /* CustomTabView.swift */ = {isa = PBXFileReference; lastKnownFileType = sourcecode.swift; path = CustomTabView.swift; sourceTree = "<group>"; };
		15C38CD12CECCB9D002660EB /* Tab.swift */ = {isa = PBXFileReference; lastKnownFileType = sourcecode.swift; path = Tab.swift; sourceTree = "<group>"; };
		15C38CD32CECD842002660EB /* Color+.swift */ = {isa = PBXFileReference; lastKnownFileType = sourcecode.swift; path = "Color+.swift"; sourceTree = "<group>"; };
		15C38CD62CEE1D15002660EB /* CoordinateView.swift */ = {isa = PBXFileReference; lastKnownFileType = sourcecode.swift; path = CoordinateView.swift; sourceTree = "<group>"; };
		15C38CD82CEE2164002660EB /* Coordinate2View.swift */ = {isa = PBXFileReference; lastKnownFileType = sourcecode.swift; path = Coordinate2View.swift; sourceTree = "<group>"; };
		15C38CDB2CEF5A71002660EB /* DeliveryCloneView.swift */ = {isa = PBXFileReference; lastKnownFileType = sourcecode.swift; path = DeliveryCloneView.swift; sourceTree = "<group>"; };
		15C38CDF2CEF5C28002660EB /* DeliveryStore.swift */ = {isa = PBXFileReference; lastKnownFileType = sourcecode.swift; path = DeliveryStore.swift; sourceTree = "<group>"; };
		15C38CE12CEF5C98002660EB /* DeliveryCloneViewModel.swift */ = {isa = PBXFileReference; lastKnownFileType = sourcecode.swift; path = DeliveryCloneViewModel.swift; sourceTree = "<group>"; };
		15CAF2FB2C51362300A6E74E /* ArchiveSwiftUI.app */ = {isa = PBXFileReference; explicitFileType = wrapper.application; includeInIndex = 0; path = ArchiveSwiftUI.app; sourceTree = BUILT_PRODUCTS_DIR; };
		15CAF2FE2C51362300A6E74E /* ArchiveSwiftUIApp.swift */ = {isa = PBXFileReference; lastKnownFileType = sourcecode.swift; path = ArchiveSwiftUIApp.swift; sourceTree = "<group>"; };
		15CAF3002C51362300A6E74E /* ContentView.swift */ = {isa = PBXFileReference; lastKnownFileType = sourcecode.swift; path = ContentView.swift; sourceTree = "<group>"; };
		15CAF3022C51362500A6E74E /* Assets.xcassets */ = {isa = PBXFileReference; lastKnownFileType = folder.assetcatalog; path = Assets.xcassets; sourceTree = "<group>"; };
		15CAF3052C51362500A6E74E /* Preview Assets.xcassets */ = {isa = PBXFileReference; lastKnownFileType = folder.assetcatalog; path = "Preview Assets.xcassets"; sourceTree = "<group>"; };
		15CAF30B2C51362500A6E74E /* ArchiveSwiftUITests.xctest */ = {isa = PBXFileReference; explicitFileType = wrapper.cfbundle; includeInIndex = 0; path = ArchiveSwiftUITests.xctest; sourceTree = BUILT_PRODUCTS_DIR; };
		15CAF30F2C51362500A6E74E /* ArchiveSwiftUITests.swift */ = {isa = PBXFileReference; lastKnownFileType = sourcecode.swift; path = ArchiveSwiftUITests.swift; sourceTree = "<group>"; };
		15CAF3152C51362500A6E74E /* ArchiveSwiftUIUITests.xctest */ = {isa = PBXFileReference; explicitFileType = wrapper.cfbundle; includeInIndex = 0; path = ArchiveSwiftUIUITests.xctest; sourceTree = BUILT_PRODUCTS_DIR; };
		15CAF3192C51362500A6E74E /* ArchiveSwiftUIUITests.swift */ = {isa = PBXFileReference; lastKnownFileType = sourcecode.swift; path = ArchiveSwiftUIUITests.swift; sourceTree = "<group>"; };
		15CAF31B2C51362500A6E74E /* ArchiveSwiftUIUITestsLaunchTests.swift */ = {isa = PBXFileReference; lastKnownFileType = sourcecode.swift; path = ArchiveSwiftUIUITestsLaunchTests.swift; sourceTree = "<group>"; };
/* End PBXFileReference section */

/* Begin PBXFrameworksBuildPhase section */
		15CAF2F82C51362300A6E74E /* Frameworks */ = {
			isa = PBXFrameworksBuildPhase;
			buildActionMask = 2147483647;
			files = (
			);
			runOnlyForDeploymentPostprocessing = 0;
		};
		15CAF3082C51362500A6E74E /* Frameworks */ = {
			isa = PBXFrameworksBuildPhase;
			buildActionMask = 2147483647;
			files = (
			);
			runOnlyForDeploymentPostprocessing = 0;
		};
		15CAF3122C51362500A6E74E /* Frameworks */ = {
			isa = PBXFrameworksBuildPhase;
			buildActionMask = 2147483647;
			files = (
			);
			runOnlyForDeploymentPostprocessing = 0;
		};
/* End PBXFrameworksBuildPhase section */

/* Begin PBXGroup section */
		15C38BE52C7B6CB9002660EB /* Lab */ = {
			isa = PBXGroup;
			children = (
				15C38CD52CEE1D0C002660EB /* Coordinate */,
				15C38CCB2CECCB13002660EB /* PageTab */,
				15C38CC82CD1201B002660EB /* Animation */,
				15C38CC22CC686BB002660EB /* Alignment */,
				15C38CC12CC686B3002660EB /* Overlay */,
			);
			path = Lab;
			sourceTree = "<group>";
		};
		15C38CC12CC686B3002660EB /* Overlay */ = {
			isa = PBXGroup;
			children = (
				15C38CBF2CC686A7002660EB /* OverlayView.swift */,
				15C38CC32CC68CC9002660EB /* Overlay2View.swift */,
			);
			path = Overlay;
			sourceTree = "<group>";
		};
		15C38CC22CC686BB002660EB /* Alignment */ = {
			isa = PBXGroup;
			children = (
				15C38BE32C7B3A1C002660EB /* AlignmentView.swift */,
			);
			path = Alignment;
			sourceTree = "<group>";
		};
		15C38CC52CC68D87002660EB /* Extension */ = {
			isa = PBXGroup;
			children = (
				15C38CC62CC68D91002660EB /* View+.swift */,
				15C38CD32CECD842002660EB /* Color+.swift */,
			);
			path = Extension;
			sourceTree = "<group>";
		};
		15C38CC82CD1201B002660EB /* Animation */ = {
			isa = PBXGroup;
			children = (
				15C38CC92CD12034002660EB /* AnimationLabView.swift */,
			);
			path = Animation;
			sourceTree = "<group>";
		};
		15C38CCB2CECCB13002660EB /* PageTab */ = {
			isa = PBXGroup;
			children = (
				15C38CD02CECCB98002660EB /* Model */,
				15C38CCC2CECCB1C002660EB /* PageTabView.swift */,
				15C38CCE2CECCB63002660EB /* CustomTabView.swift */,
			);
			path = PageTab;
			sourceTree = "<group>";
		};
		15C38CD02CECCB98002660EB /* Model */ = {
			isa = PBXGroup;
			children = (
				15C38CD12CECCB9D002660EB /* Tab.swift */,
			);
			path = Model;
			sourceTree = "<group>";
		};
		15C38CD52CEE1D0C002660EB /* Coordinate */ = {
			isa = PBXGroup;
			children = (
				15C38CD62CEE1D15002660EB /* CoordinateView.swift */,
				15C38CD82CEE2164002660EB /* Coordinate2View.swift */,
			);
			path = Coordinate;
			sourceTree = "<group>";
		};
		15C38CDA2CEF5A62002660EB /* Clone */ = {
			isa = PBXGroup;
			children = (
				15C38CDD2CEF5BE2002660EB /* Delivery */,
			);
			path = Clone;
			sourceTree = "<group>";
		};
		15C38CDD2CEF5BE2002660EB /* Delivery */ = {
			isa = PBXGroup;
			children = (
				15C38CDE2CEF5C1F002660EB /* Model */,
				15C38CDB2CEF5A71002660EB /* DeliveryCloneView.swift */,
				15C38CE12CEF5C98002660EB /* DeliveryCloneViewModel.swift */,
			);
			path = Delivery;
			sourceTree = "<group>";
		};
		15C38CDE2CEF5C1F002660EB /* Model */ = {
			isa = PBXGroup;
			children = (
				15C38CDF2CEF5C28002660EB /* DeliveryStore.swift */,
			);
			path = Model;
			sourceTree = "<group>";
		};
		15CAF2F22C51362300A6E74E = {
			isa = PBXGroup;
			children = (
				15CAF2FD2C51362300A6E74E /* ArchiveSwiftUI */,
				15CAF30E2C51362500A6E74E /* ArchiveSwiftUITests */,
				15CAF3182C51362500A6E74E /* ArchiveSwiftUIUITests */,
				15CAF2FC2C51362300A6E74E /* Products */,
			);
			sourceTree = "<group>";
		};
		15CAF2FC2C51362300A6E74E /* Products */ = {
			isa = PBXGroup;
			children = (
				15CAF2FB2C51362300A6E74E /* ArchiveSwiftUI.app */,
				15CAF30B2C51362500A6E74E /* ArchiveSwiftUITests.xctest */,
				15CAF3152C51362500A6E74E /* ArchiveSwiftUIUITests.xctest */,
			);
			name = Products;
			sourceTree = "<group>";
		};
		15CAF2FD2C51362300A6E74E /* ArchiveSwiftUI */ = {
			isa = PBXGroup;
			children = (
				15C38CDA2CEF5A62002660EB /* Clone */,
				15C38CC52CC68D87002660EB /* Extension */,
				15C38BE52C7B6CB9002660EB /* Lab */,
				15CAF2FE2C51362300A6E74E /* ArchiveSwiftUIApp.swift */,
				15CAF3002C51362300A6E74E /* ContentView.swift */,
				15CAF3022C51362500A6E74E /* Assets.xcassets */,
				15CAF3042C51362500A6E74E /* Preview Content */,
			);
			path = ArchiveSwiftUI;
			sourceTree = "<group>";
		};
		15CAF3042C51362500A6E74E /* Preview Content */ = {
			isa = PBXGroup;
			children = (
				15CAF3052C51362500A6E74E /* Preview Assets.xcassets */,
			);
			path = "Preview Content";
			sourceTree = "<group>";
		};
		15CAF30E2C51362500A6E74E /* ArchiveSwiftUITests */ = {
			isa = PBXGroup;
			children = (
				15CAF30F2C51362500A6E74E /* ArchiveSwiftUITests.swift */,
			);
			path = ArchiveSwiftUITests;
			sourceTree = "<group>";
		};
		15CAF3182C51362500A6E74E /* ArchiveSwiftUIUITests */ = {
			isa = PBXGroup;
			children = (
				15CAF3192C51362500A6E74E /* ArchiveSwiftUIUITests.swift */,
				15CAF31B2C51362500A6E74E /* ArchiveSwiftUIUITestsLaunchTests.swift */,
			);
			path = ArchiveSwiftUIUITests;
			sourceTree = "<group>";
		};
/* End PBXGroup section */

/* Begin PBXNativeTarget section */
		15CAF2FA2C51362300A6E74E /* ArchiveSwiftUI */ = {
			isa = PBXNativeTarget;
			buildConfigurationList = 15CAF31F2C51362500A6E74E /* Build configuration list for PBXNativeTarget "ArchiveSwiftUI" */;
			buildPhases = (
				15CAF2F72C51362300A6E74E /* Sources */,
				15CAF2F82C51362300A6E74E /* Frameworks */,
				15CAF2F92C51362300A6E74E /* Resources */,
			);
			buildRules = (
			);
			dependencies = (
			);
			name = ArchiveSwiftUI;
			productName = ArchiveSwiftUI;
			productReference = 15CAF2FB2C51362300A6E74E /* ArchiveSwiftUI.app */;
			productType = "com.apple.product-type.application";
		};
		15CAF30A2C51362500A6E74E /* ArchiveSwiftUITests */ = {
			isa = PBXNativeTarget;
			buildConfigurationList = 15CAF3222C51362500A6E74E /* Build configuration list for PBXNativeTarget "ArchiveSwiftUITests" */;
			buildPhases = (
				15CAF3072C51362500A6E74E /* Sources */,
				15CAF3082C51362500A6E74E /* Frameworks */,
				15CAF3092C51362500A6E74E /* Resources */,
			);
			buildRules = (
			);
			dependencies = (
				15CAF30D2C51362500A6E74E /* PBXTargetDependency */,
			);
			name = ArchiveSwiftUITests;
			productName = ArchiveSwiftUITests;
			productReference = 15CAF30B2C51362500A6E74E /* ArchiveSwiftUITests.xctest */;
			productType = "com.apple.product-type.bundle.unit-test";
		};
		15CAF3142C51362500A6E74E /* ArchiveSwiftUIUITests */ = {
			isa = PBXNativeTarget;
			buildConfigurationList = 15CAF3252C51362500A6E74E /* Build configuration list for PBXNativeTarget "ArchiveSwiftUIUITests" */;
			buildPhases = (
				15CAF3112C51362500A6E74E /* Sources */,
				15CAF3122C51362500A6E74E /* Frameworks */,
				15CAF3132C51362500A6E74E /* Resources */,
			);
			buildRules = (
			);
			dependencies = (
				15CAF3172C51362500A6E74E /* PBXTargetDependency */,
			);
			name = ArchiveSwiftUIUITests;
			productName = ArchiveSwiftUIUITests;
			productReference = 15CAF3152C51362500A6E74E /* ArchiveSwiftUIUITests.xctest */;
			productType = "com.apple.product-type.bundle.ui-testing";
		};
/* End PBXNativeTarget section */

/* Begin PBXProject section */
		15CAF2F32C51362300A6E74E /* Project object */ = {
			isa = PBXProject;
			attributes = {
				BuildIndependentTargetsInParallel = 1;
				LastSwiftUpdateCheck = 1530;
				LastUpgradeCheck = 1530;
				TargetAttributes = {
					15CAF2FA2C51362300A6E74E = {
						CreatedOnToolsVersion = 15.3;
					};
					15CAF30A2C51362500A6E74E = {
						CreatedOnToolsVersion = 15.3;
						TestTargetID = 15CAF2FA2C51362300A6E74E;
					};
					15CAF3142C51362500A6E74E = {
						CreatedOnToolsVersion = 15.3;
						TestTargetID = 15CAF2FA2C51362300A6E74E;
					};
				};
			};
			buildConfigurationList = 15CAF2F62C51362300A6E74E /* Build configuration list for PBXProject "ArchiveSwiftUI" */;
			compatibilityVersion = "Xcode 14.0";
			developmentRegion = en;
			hasScannedForEncodings = 0;
			knownRegions = (
				en,
				Base,
			);
			mainGroup = 15CAF2F22C51362300A6E74E;
			productRefGroup = 15CAF2FC2C51362300A6E74E /* Products */;
			projectDirPath = "";
			projectRoot = "";
			targets = (
				15CAF2FA2C51362300A6E74E /* ArchiveSwiftUI */,
				15CAF30A2C51362500A6E74E /* ArchiveSwiftUITests */,
				15CAF3142C51362500A6E74E /* ArchiveSwiftUIUITests */,
			);
		};
/* End PBXProject section */

/* Begin PBXResourcesBuildPhase section */
		15CAF2F92C51362300A6E74E /* Resources */ = {
			isa = PBXResourcesBuildPhase;
			buildActionMask = 2147483647;
			files = (
				15CAF3062C51362500A6E74E /* Preview Assets.xcassets in Resources */,
				15CAF3032C51362500A6E74E /* Assets.xcassets in Resources */,
			);
			runOnlyForDeploymentPostprocessing = 0;
		};
		15CAF3092C51362500A6E74E /* Resources */ = {
			isa = PBXResourcesBuildPhase;
			buildActionMask = 2147483647;
			files = (
			);
			runOnlyForDeploymentPostprocessing = 0;
		};
		15CAF3132C51362500A6E74E /* Resources */ = {
			isa = PBXResourcesBuildPhase;
			buildActionMask = 2147483647;
			files = (
			);
			runOnlyForDeploymentPostprocessing = 0;
		};
/* End PBXResourcesBuildPhase section */

/* Begin PBXSourcesBuildPhase section */
		15CAF2F72C51362300A6E74E /* Sources */ = {
			isa = PBXSourcesBuildPhase;
			buildActionMask = 2147483647;
			files = (
				15C38BE42C7B3A1C002660EB /* AlignmentView.swift in Sources */,
				15C38CC02CC686A7002660EB /* OverlayView.swift in Sources */,
				15C38CD72CEE1D15002660EB /* CoordinateView.swift in Sources */,
				15C38CC42CC68CC9002660EB /* Overlay2View.swift in Sources */,
				15C38CCD2CECCB1C002660EB /* PageTabView.swift in Sources */,
				15C38CCA2CD12034002660EB /* AnimationLabView.swift in Sources */,
				15CAF3012C51362300A6E74E /* ContentView.swift in Sources */,
				15C38CCF2CECCB63002660EB /* CustomTabView.swift in Sources */,
				15C38CE22CEF5C98002660EB /* DeliveryCloneViewModel.swift in Sources */,
				15C38CDC2CEF5A71002660EB /* DeliveryCloneView.swift in Sources */,
				15C38CD92CEE2164002660EB /* Coordinate2View.swift in Sources */,
				15C38CD22CECCB9D002660EB /* Tab.swift in Sources */,
				15C38CD42CECD842002660EB /* Color+.swift in Sources */,
				15C38CC72CC68D91002660EB /* View+.swift in Sources */,
				15CAF2FF2C51362300A6E74E /* ArchiveSwiftUIApp.swift in Sources */,
				15C38CE02CEF5C28002660EB /* DeliveryStore.swift in Sources */,
			);
			runOnlyForDeploymentPostprocessing = 0;
		};
		15CAF3072C51362500A6E74E /* Sources */ = {
			isa = PBXSourcesBuildPhase;
			buildActionMask = 2147483647;
			files = (
				15CAF3102C51362500A6E74E /* ArchiveSwiftUITests.swift in Sources */,
			);
			runOnlyForDeploymentPostprocessing = 0;
		};
		15CAF3112C51362500A6E74E /* Sources */ = {
			isa = PBXSourcesBuildPhase;
			buildActionMask = 2147483647;
			files = (
				15CAF31A2C51362500A6E74E /* ArchiveSwiftUIUITests.swift in Sources */,
				15CAF31C2C51362500A6E74E /* ArchiveSwiftUIUITestsLaunchTests.swift in Sources */,
			);
			runOnlyForDeploymentPostprocessing = 0;
		};
/* End PBXSourcesBuildPhase section */

/* Begin PBXTargetDependency section */
		15CAF30D2C51362500A6E74E /* PBXTargetDependency */ = {
			isa = PBXTargetDependency;
			target = 15CAF2FA2C51362300A6E74E /* ArchiveSwiftUI */;
			targetProxy = 15CAF30C2C51362500A6E74E /* PBXContainerItemProxy */;
		};
		15CAF3172C51362500A6E74E /* PBXTargetDependency */ = {
			isa = PBXTargetDependency;
			target = 15CAF2FA2C51362300A6E74E /* ArchiveSwiftUI */;
			targetProxy = 15CAF3162C51362500A6E74E /* PBXContainerItemProxy */;
		};
/* End PBXTargetDependency section */

/* Begin XCBuildConfiguration section */
		15CAF31D2C51362500A6E74E /* Debug */ = {
			isa = XCBuildConfiguration;
			buildSettings = {
				ALWAYS_SEARCH_USER_PATHS = NO;
				ASSETCATALOG_COMPILER_GENERATE_SWIFT_ASSET_SYMBOL_EXTENSIONS = YES;
				CLANG_ANALYZER_NONNULL = YES;
				CLANG_ANALYZER_NUMBER_OBJECT_CONVERSION = YES_AGGRESSIVE;
				CLANG_CXX_LANGUAGE_STANDARD = "gnu++20";
				CLANG_ENABLE_MODULES = YES;
				CLANG_ENABLE_OBJC_ARC = YES;
				CLANG_ENABLE_OBJC_WEAK = YES;
				CLANG_WARN_BLOCK_CAPTURE_AUTORELEASING = YES;
				CLANG_WARN_BOOL_CONVERSION = YES;
				CLANG_WARN_COMMA = YES;
				CLANG_WARN_CONSTANT_CONVERSION = YES;
				CLANG_WARN_DEPRECATED_OBJC_IMPLEMENTATIONS = YES;
				CLANG_WARN_DIRECT_OBJC_ISA_USAGE = YES_ERROR;
				CLANG_WARN_DOCUMENTATION_COMMENTS = YES;
				CLANG_WARN_EMPTY_BODY = YES;
				CLANG_WARN_ENUM_CONVERSION = YES;
				CLANG_WARN_INFINITE_RECURSION = YES;
				CLANG_WARN_INT_CONVERSION = YES;
				CLANG_WARN_NON_LITERAL_NULL_CONVERSION = YES;
				CLANG_WARN_OBJC_IMPLICIT_RETAIN_SELF = YES;
				CLANG_WARN_OBJC_LITERAL_CONVERSION = YES;
				CLANG_WARN_OBJC_ROOT_CLASS = YES_ERROR;
				CLANG_WARN_QUOTED_INCLUDE_IN_FRAMEWORK_HEADER = YES;
				CLANG_WARN_RANGE_LOOP_ANALYSIS = YES;
				CLANG_WARN_STRICT_PROTOTYPES = YES;
				CLANG_WARN_SUSPICIOUS_MOVE = YES;
				CLANG_WARN_UNGUARDED_AVAILABILITY = YES_AGGRESSIVE;
				CLANG_WARN_UNREACHABLE_CODE = YES;
				CLANG_WARN__DUPLICATE_METHOD_MATCH = YES;
				COPY_PHASE_STRIP = NO;
				DEBUG_INFORMATION_FORMAT = dwarf;
				ENABLE_STRICT_OBJC_MSGSEND = YES;
				ENABLE_TESTABILITY = YES;
				ENABLE_USER_SCRIPT_SANDBOXING = YES;
				GCC_C_LANGUAGE_STANDARD = gnu17;
				GCC_DYNAMIC_NO_PIC = NO;
				GCC_NO_COMMON_BLOCKS = YES;
				GCC_OPTIMIZATION_LEVEL = 0;
				GCC_PREPROCESSOR_DEFINITIONS = (
					"DEBUG=1",
					"$(inherited)",
				);
				GCC_WARN_64_TO_32_BIT_CONVERSION = YES;
				GCC_WARN_ABOUT_RETURN_TYPE = YES_ERROR;
				GCC_WARN_UNDECLARED_SELECTOR = YES;
				GCC_WARN_UNINITIALIZED_AUTOS = YES_AGGRESSIVE;
				GCC_WARN_UNUSED_FUNCTION = YES;
				GCC_WARN_UNUSED_VARIABLE = YES;
				IPHONEOS_DEPLOYMENT_TARGET = 17.4;
				LOCALIZATION_PREFERS_STRING_CATALOGS = YES;
				MTL_ENABLE_DEBUG_INFO = INCLUDE_SOURCE;
				MTL_FAST_MATH = YES;
				ONLY_ACTIVE_ARCH = YES;
				SDKROOT = iphoneos;
				SWIFT_ACTIVE_COMPILATION_CONDITIONS = "DEBUG $(inherited)";
				SWIFT_OPTIMIZATION_LEVEL = "-Onone";
			};
			name = Debug;
		};
		15CAF31E2C51362500A6E74E /* Release */ = {
			isa = XCBuildConfiguration;
			buildSettings = {
				ALWAYS_SEARCH_USER_PATHS = NO;
				ASSETCATALOG_COMPILER_GENERATE_SWIFT_ASSET_SYMBOL_EXTENSIONS = YES;
				CLANG_ANALYZER_NONNULL = YES;
				CLANG_ANALYZER_NUMBER_OBJECT_CONVERSION = YES_AGGRESSIVE;
				CLANG_CXX_LANGUAGE_STANDARD = "gnu++20";
				CLANG_ENABLE_MODULES = YES;
				CLANG_ENABLE_OBJC_ARC = YES;
				CLANG_ENABLE_OBJC_WEAK = YES;
				CLANG_WARN_BLOCK_CAPTURE_AUTORELEASING = YES;
				CLANG_WARN_BOOL_CONVERSION = YES;
				CLANG_WARN_COMMA = YES;
				CLANG_WARN_CONSTANT_CONVERSION = YES;
				CLANG_WARN_DEPRECATED_OBJC_IMPLEMENTATIONS = YES;
				CLANG_WARN_DIRECT_OBJC_ISA_USAGE = YES_ERROR;
				CLANG_WARN_DOCUMENTATION_COMMENTS = YES;
				CLANG_WARN_EMPTY_BODY = YES;
				CLANG_WARN_ENUM_CONVERSION = YES;
				CLANG_WARN_INFINITE_RECURSION = YES;
				CLANG_WARN_INT_CONVERSION = YES;
				CLANG_WARN_NON_LITERAL_NULL_CONVERSION = YES;
				CLANG_WARN_OBJC_IMPLICIT_RETAIN_SELF = YES;
				CLANG_WARN_OBJC_LITERAL_CONVERSION = YES;
				CLANG_WARN_OBJC_ROOT_CLASS = YES_ERROR;
				CLANG_WARN_QUOTED_INCLUDE_IN_FRAMEWORK_HEADER = YES;
				CLANG_WARN_RANGE_LOOP_ANALYSIS = YES;
				CLANG_WARN_STRICT_PROTOTYPES = YES;
				CLANG_WARN_SUSPICIOUS_MOVE = YES;
				CLANG_WARN_UNGUARDED_AVAILABILITY = YES_AGGRESSIVE;
				CLANG_WARN_UNREACHABLE_CODE = YES;
				CLANG_WARN__DUPLICATE_METHOD_MATCH = YES;
				COPY_PHASE_STRIP = NO;
				DEBUG_INFORMATION_FORMAT = "dwarf-with-dsym";
				ENABLE_NS_ASSERTIONS = NO;
				ENABLE_STRICT_OBJC_MSGSEND = YES;
				ENABLE_USER_SCRIPT_SANDBOXING = YES;
				GCC_C_LANGUAGE_STANDARD = gnu17;
				GCC_NO_COMMON_BLOCKS = YES;
				GCC_WARN_64_TO_32_BIT_CONVERSION = YES;
				GCC_WARN_ABOUT_RETURN_TYPE = YES_ERROR;
				GCC_WARN_UNDECLARED_SELECTOR = YES;
				GCC_WARN_UNINITIALIZED_AUTOS = YES_AGGRESSIVE;
				GCC_WARN_UNUSED_FUNCTION = YES;
				GCC_WARN_UNUSED_VARIABLE = YES;
				IPHONEOS_DEPLOYMENT_TARGET = 17.4;
				LOCALIZATION_PREFERS_STRING_CATALOGS = YES;
				MTL_ENABLE_DEBUG_INFO = NO;
				MTL_FAST_MATH = YES;
				SDKROOT = iphoneos;
				SWIFT_COMPILATION_MODE = wholemodule;
				VALIDATE_PRODUCT = YES;
			};
			name = Release;
		};
		15CAF3202C51362500A6E74E /* Debug */ = {
			isa = XCBuildConfiguration;
			buildSettings = {
				ASSETCATALOG_COMPILER_APPICON_NAME = AppIcon;
				ASSETCATALOG_COMPILER_GLOBAL_ACCENT_COLOR_NAME = AccentColor;
				CODE_SIGN_STYLE = Automatic;
				CURRENT_PROJECT_VERSION = 1;
				DEVELOPMENT_ASSET_PATHS = "\"ArchiveSwiftUI/Preview Content\"";
				DEVELOPMENT_TEAM = MLFF8438BY;
				ENABLE_PREVIEWS = YES;
				GENERATE_INFOPLIST_FILE = YES;
				INFOPLIST_KEY_UIApplicationSceneManifest_Generation = YES;
				INFOPLIST_KEY_UIApplicationSupportsIndirectInputEvents = YES;
				INFOPLIST_KEY_UILaunchScreen_Generation = YES;
				INFOPLIST_KEY_UISupportedInterfaceOrientations_iPad = "UIInterfaceOrientationPortrait UIInterfaceOrientationPortraitUpsideDown UIInterfaceOrientationLandscapeLeft UIInterfaceOrientationLandscapeRight";
				INFOPLIST_KEY_UISupportedInterfaceOrientations_iPhone = "UIInterfaceOrientationPortrait UIInterfaceOrientationLandscapeLeft UIInterfaceOrientationLandscapeRight";
				IPHONEOS_DEPLOYMENT_TARGET = 15.0;
				LD_RUNPATH_SEARCH_PATHS = (
					"$(inherited)",
					"@executable_path/Frameworks",
				);
				MARKETING_VERSION = 1.0;
				PRODUCT_BUNDLE_IDENTIFIER = kimhyesu.ArchiveSwiftUI;
				PRODUCT_NAME = "$(TARGET_NAME)";
				SWIFT_EMIT_LOC_STRINGS = YES;
				SWIFT_VERSION = 5.0;
				TARGETED_DEVICE_FAMILY = "1,2";
			};
			name = Debug;
		};
		15CAF3212C51362500A6E74E /* Release */ = {
			isa = XCBuildConfiguration;
			buildSettings = {
				ASSETCATALOG_COMPILER_APPICON_NAME = AppIcon;
				ASSETCATALOG_COMPILER_GLOBAL_ACCENT_COLOR_NAME = AccentColor;
				CODE_SIGN_STYLE = Automatic;
				CURRENT_PROJECT_VERSION = 1;
				DEVELOPMENT_ASSET_PATHS = "\"ArchiveSwiftUI/Preview Content\"";
				DEVELOPMENT_TEAM = MLFF8438BY;
				ENABLE_PREVIEWS = YES;
				GENERATE_INFOPLIST_FILE = YES;
				INFOPLIST_KEY_UIApplicationSceneManifest_Generation = YES;
				INFOPLIST_KEY_UIApplicationSupportsIndirectInputEvents = YES;
				INFOPLIST_KEY_UILaunchScreen_Generation = YES;
				INFOPLIST_KEY_UISupportedInterfaceOrientations_iPad = "UIInterfaceOrientationPortrait UIInterfaceOrientationPortraitUpsideDown UIInterfaceOrientationLandscapeLeft UIInterfaceOrientationLandscapeRight";
				INFOPLIST_KEY_UISupportedInterfaceOrientations_iPhone = "UIInterfaceOrientationPortrait UIInterfaceOrientationLandscapeLeft UIInterfaceOrientationLandscapeRight";
				IPHONEOS_DEPLOYMENT_TARGET = 15.0;
				LD_RUNPATH_SEARCH_PATHS = (
					"$(inherited)",
					"@executable_path/Frameworks",
				);
				MARKETING_VERSION = 1.0;
				PRODUCT_BUNDLE_IDENTIFIER = kimhyesu.ArchiveSwiftUI;
				PRODUCT_NAME = "$(TARGET_NAME)";
				SWIFT_EMIT_LOC_STRINGS = YES;
				SWIFT_VERSION = 5.0;
				TARGETED_DEVICE_FAMILY = "1,2";
			};
			name = Release;
		};
		15CAF3232C51362500A6E74E /* Debug */ = {
			isa = XCBuildConfiguration;
			buildSettings = {
				ALWAYS_EMBED_SWIFT_STANDARD_LIBRARIES = YES;
				BUNDLE_LOADER = "$(TEST_HOST)";
				CODE_SIGN_STYLE = Automatic;
				CURRENT_PROJECT_VERSION = 1;
				DEVELOPMENT_TEAM = MLFF8438BY;
				GENERATE_INFOPLIST_FILE = YES;
				IPHONEOS_DEPLOYMENT_TARGET = 17.4;
				MARKETING_VERSION = 1.0;
				PRODUCT_BUNDLE_IDENTIFIER = kimhyesu.ArchiveSwiftUITests;
				PRODUCT_NAME = "$(TARGET_NAME)";
				SWIFT_EMIT_LOC_STRINGS = NO;
				SWIFT_VERSION = 5.0;
				TARGETED_DEVICE_FAMILY = "1,2";
				TEST_HOST = "$(BUILT_PRODUCTS_DIR)/ArchiveSwiftUI.app/$(BUNDLE_EXECUTABLE_FOLDER_PATH)/ArchiveSwiftUI";
			};
			name = Debug;
		};
		15CAF3242C51362500A6E74E /* Release */ = {
			isa = XCBuildConfiguration;
			buildSettings = {
				ALWAYS_EMBED_SWIFT_STANDARD_LIBRARIES = YES;
				BUNDLE_LOADER = "$(TEST_HOST)";
				CODE_SIGN_STYLE = Automatic;
				CURRENT_PROJECT_VERSION = 1;
				DEVELOPMENT_TEAM = MLFF8438BY;
				GENERATE_INFOPLIST_FILE = YES;
				IPHONEOS_DEPLOYMENT_TARGET = 17.4;
				MARKETING_VERSION = 1.0;
				PRODUCT_BUNDLE_IDENTIFIER = kimhyesu.ArchiveSwiftUITests;
				PRODUCT_NAME = "$(TARGET_NAME)";
				SWIFT_EMIT_LOC_STRINGS = NO;
				SWIFT_VERSION = 5.0;
				TARGETED_DEVICE_FAMILY = "1,2";
				TEST_HOST = "$(BUILT_PRODUCTS_DIR)/ArchiveSwiftUI.app/$(BUNDLE_EXECUTABLE_FOLDER_PATH)/ArchiveSwiftUI";
			};
			name = Release;
		};
		15CAF3262C51362500A6E74E /* Debug */ = {
			isa = XCBuildConfiguration;
			buildSettings = {
				ALWAYS_EMBED_SWIFT_STANDARD_LIBRARIES = YES;
				CODE_SIGN_STYLE = Automatic;
				CURRENT_PROJECT_VERSION = 1;
				DEVELOPMENT_TEAM = MLFF8438BY;
				GENERATE_INFOPLIST_FILE = YES;
				MARKETING_VERSION = 1.0;
				PRODUCT_BUNDLE_IDENTIFIER = kimhyesu.ArchiveSwiftUIUITests;
				PRODUCT_NAME = "$(TARGET_NAME)";
				SWIFT_EMIT_LOC_STRINGS = NO;
				SWIFT_VERSION = 5.0;
				TARGETED_DEVICE_FAMILY = "1,2";
				TEST_TARGET_NAME = ArchiveSwiftUI;
			};
			name = Debug;
		};
		15CAF3272C51362500A6E74E /* Release */ = {
			isa = XCBuildConfiguration;
			buildSettings = {
				ALWAYS_EMBED_SWIFT_STANDARD_LIBRARIES = YES;
				CODE_SIGN_STYLE = Automatic;
				CURRENT_PROJECT_VERSION = 1;
				DEVELOPMENT_TEAM = MLFF8438BY;
				GENERATE_INFOPLIST_FILE = YES;
				MARKETING_VERSION = 1.0;
				PRODUCT_BUNDLE_IDENTIFIER = kimhyesu.ArchiveSwiftUIUITests;
				PRODUCT_NAME = "$(TARGET_NAME)";
				SWIFT_EMIT_LOC_STRINGS = NO;
				SWIFT_VERSION = 5.0;
				TARGETED_DEVICE_FAMILY = "1,2";
				TEST_TARGET_NAME = ArchiveSwiftUI;
			};
			name = Release;
		};
/* End XCBuildConfiguration section */

/* Begin XCConfigurationList section */
		15CAF2F62C51362300A6E74E /* Build configuration list for PBXProject "ArchiveSwiftUI" */ = {
			isa = XCConfigurationList;
			buildConfigurations = (
				15CAF31D2C51362500A6E74E /* Debug */,
				15CAF31E2C51362500A6E74E /* Release */,
			);
			defaultConfigurationIsVisible = 0;
			defaultConfigurationName = Release;
		};
		15CAF31F2C51362500A6E74E /* Build configuration list for PBXNativeTarget "ArchiveSwiftUI" */ = {
			isa = XCConfigurationList;
			buildConfigurations = (
				15CAF3202C51362500A6E74E /* Debug */,
				15CAF3212C51362500A6E74E /* Release */,
			);
			defaultConfigurationIsVisible = 0;
			defaultConfigurationName = Release;
		};
		15CAF3222C51362500A6E74E /* Build configuration list for PBXNativeTarget "ArchiveSwiftUITests" */ = {
			isa = XCConfigurationList;
			buildConfigurations = (
				15CAF3232C51362500A6E74E /* Debug */,
				15CAF3242C51362500A6E74E /* Release */,
			);
			defaultConfigurationIsVisible = 0;
			defaultConfigurationName = Release;
		};
		15CAF3252C51362500A6E74E /* Build configuration list for PBXNativeTarget "ArchiveSwiftUIUITests" */ = {
			isa = XCConfigurationList;
			buildConfigurations = (
				15CAF3262C51362500A6E74E /* Debug */,
				15CAF3272C51362500A6E74E /* Release */,
			);
			defaultConfigurationIsVisible = 0;
			defaultConfigurationName = Release;
		};
/* End XCConfigurationList section */
	};
	rootObject = 15CAF2F32C51362300A6E74E /* Project object */;
}
